
Microsoft Visual Studio Solution File, Format Version 12.00
# Visual Studio Version 16
VisualStudioVersion = 16.0.30503.244
MinimumVisualStudioVersion = 10.0.40219.1
Project("{FAE04EC0-301F-11D3-BF4B-00C04F79EFBC}") = "Tarea7", "Tarea7.csproj", "{62016142-333F-473D-A421-46F363C5A4AE}"
EndProject
Global
	GlobalSection(SolutionConfigurationPlatforms) = preSolution
		Debug|Any CPU = Debug|Any CPU
		Release|Any CPU = Release|Any CPU
	EndGlobalSection
	GlobalSection(ProjectConfigurationPlatforms) = postSolution
		{62016142-333F-473D-A421-46F363C5A4AE}.Debug|Any CPU.ActiveCfg = Debug|Any CPU
		{62016142-333F-473D-A421-46F363C5A4AE}.Debug|Any CPU.Build.0 = Debug|Any CPU
		{62016142-333F-473D-A421-46F363C5A4AE}.Release|Any CPU.ActiveCfg = Release|Any CPU
		{62016142-333F-473D-A421-46F363C5A4AE}.Release|Any CPU.Build.0 = Release|Any CPU
	EndGlobalSection
	GlobalSection(SolutionProperties) = preSolution
		HideSolutionNode = FALSE
	EndGlobalSection
	GlobalSection(ExtensibilityGlobals) = postSolution
		SolutionGuid = {3C2A9E2F-3A5C-49A3-A621-F6A8B912D220}
	EndGlobalSection
EndGlobal
